
Microsoft Visual Studio Solution File, Format Version 12.00
# Visual Studio 15
VisualStudioVersion = 15.0.26703.0
MinimumVisualStudioVersion = 10.0.40219.1
Project("{FAE04EC0-301F-11D3-BF4B-00C04F79EFBC}") = "RazzleRemover", "RemoveVSDirFromCsProj\RazzleRemover.csproj", "{B2186DAB-3257-43BA-B955-26CFFB603C2C}"
EndProject
Project("{FAE04EC0-301F-11D3-BF4B-00C04F79EFBC}") = "ProjectTransformer", "ProjectTransformer\ProjectTransformer.csproj", "{5ABAE0AA-ED37-4F5F-8E8C-37A3562B2952}"
EndProject
Global
	GlobalSection(SolutionConfigurationPlatforms) = preSolution
		Debug|Any CPU = Debug|Any CPU
		Release|Any CPU = Release|Any CPU
	EndGlobalSection
	GlobalSection(ProjectConfigurationPlatforms) = postSolution
		{B2186DAB-3257-43BA-B955-26CFFB603C2C}.Debug|Any CPU.ActiveCfg = Debug|Any CPU
		{B2186DAB-3257-43BA-B955-26CFFB603C2C}.Debug|Any CPU.Build.0 = Debug|Any CPU
		{B2186DAB-3257-43BA-B955-26CFFB603C2C}.Release|Any CPU.ActiveCfg = Release|Any CPU
		{B2186DAB-3257-43BA-B955-26CFFB603C2C}.Release|Any CPU.Build.0 = Release|Any CPU
		{5ABAE0AA-ED37-4F5F-8E8C-37A3562B2952}.Debug|Any CPU.ActiveCfg = Debug|Any CPU
		{5ABAE0AA-ED37-4F5F-8E8C-37A3562B2952}.Debug|Any CPU.Build.0 = Debug|Any CPU
		{5ABAE0AA-ED37-4F5F-8E8C-37A3562B2952}.Release|Any CPU.ActiveCfg = Release|Any CPU
		{5ABAE0AA-ED37-4F5F-8E8C-37A3562B2952}.Release|Any CPU.Build.0 = Release|Any CPU
	EndGlobalSection
	GlobalSection(SolutionProperties) = preSolution
		HideSolutionNode = FALSE
	EndGlobalSection
	GlobalSection(ExtensibilityGlobals) = postSolution
		SolutionGuid = {35008FE5-CD7B-4D2F-9C5F-6362EE884A9D}
	EndGlobalSection
EndGlobal
